
Microsoft Visual Studio Solution File, Format Version 12.00
# Visual Studio Version 17
VisualStudioVersion = 17.10.35027.167
MinimumVisualStudioVersion = 10.0.40219.1
Project("{8BC9CEB8-8B4A-11D0-8D11-00A0C91BC942}") = "extraTasks", "extraTasks\extraTasks.vcxproj", "{6C2AB4B2-5B0A-4334-9697-7096040910DD}"
EndProject
Global
	GlobalSection(SolutionConfigurationPlatforms) = preSolution
		Debug|x64 = Debug|x64
		Debug|x86 = Debug|x86
		Release|x64 = Release|x64
		Release|x86 = Release|x86
	EndGlobalSection
	GlobalSection(ProjectConfigurationPlatforms) = postSolution
		{6C2AB4B2-5B0A-4334-9697-7096040910DD}.Debug|x64.ActiveCfg = Debug|x64
		{6C2AB4B2-5B0A-4334-9697-7096040910DD}.Debug|x64.Build.0 = Debug|x64
		{6C2AB4B2-5B0A-4334-9697-7096040910DD}.Debug|x86.ActiveCfg = Debug|Win32
		{6C2AB4B2-5B0A-4334-9697-7096040910DD}.Debug|x86.Build.0 = Debug|Win32
		{6C2AB4B2-5B0A-4334-9697-7096040910DD}.Release|x64.ActiveCfg = Release|x64
		{6C2AB4B2-5B0A-4334-9697-7096040910DD}.Release|x64.Build.0 = Release|x64
		{6C2AB4B2-5B0A-4334-9697-7096040910DD}.Release|x86.ActiveCfg = Release|Win32
		{6C2AB4B2-5B0A-4334-9697-7096040910DD}.Release|x86.Build.0 = Release|Win32
	EndGlobalSection
	GlobalSection(SolutionProperties) = preSolution
		HideSolutionNode = FALSE
	EndGlobalSection
	GlobalSection(ExtensibilityGlobals) = postSolution
		SolutionGuid = {E63E9265-8694-41F8-9CAB-816A573313F6}
	EndGlobalSection
EndGlobal
